{
  "nodes": {
    "hardware": {
      "locked": {
        "lastModified": 1718207430,
        "narHash": "sha256-/eO2NTRvrrdYWMI06plS8ANDGOhTZBA+C3H3KwbBI1w=",
        "owner": "NixOS",
        "repo": "nixos-hardware",
        "rev": "9e848e173ca83adf884815c66edc08652ef9ade8",
        "type": "github"
      },
      "original": {
        "owner": "NixOS",
        "ref": "master",
        "repo": "nixos-hardware",
        "type": "github"
      }
    },
    "home-manager": {
      "inputs": {
        "nixpkgs": [
          "nixpkgs"
        ]
      },
      "locked": {
        "lastModified": 1718243258,
        "narHash": "sha256-abBpj2VU8p6qlRzTU8o22q68MmOaZ4v8zZ4UlYl5YRU=",
        "owner": "nix-community",
        "repo": "home-manager",
        "rev": "8d5e27b4807d25308dfe369d5a923d87e7dbfda3",
        "type": "github"
      },
      "original": {
        "owner": "nix-community",
        "repo": "home-manager",
        "type": "github"
      }
    },
    "nixpkgs": {
      "locked": {
        "lastModified": 1718160348,
        "narHash": "sha256-9YrUjdztqi4Gz8n3mBuqvCkMo4ojrA6nASwyIKWMpus=",
        "owner": "NixOS",
        "repo": "nixpkgs",
        "rev": "57d6973abba7ea108bac64ae7629e7431e0199b6",
        "type": "github"
      },
      "original": {
        "owner": "NixOS",
        "ref": "nixos-unstable",
        "repo": "nixpkgs",
        "type": "github"
      }
    },
    "nixpkgs-stable": {
      "locked": {
        "lastModified": 1717880976,
        "narHash": "sha256-BRvSCsKtDUr83NEtbGfHLUOdDK0Cgbezj2PtcHnz+sQ=",
        "owner": "NixOS",
        "repo": "nixpkgs",
        "rev": "4913a7c3d8b8d00cb9476a6bd730ff57777f740c",
        "type": "github"
      },
      "original": {
        "owner": "NixOS",
        "ref": "release-23.11",
        "repo": "nixpkgs",
        "type": "github"
      }
    },
    "root": {
      "inputs": {
        "hardware": "hardware",
        "home-manager": "home-manager",
        "nixpkgs": "nixpkgs",
        "secrets": "secrets",
        "sops-nix": "sops-nix"
      }
    },
    "secrets": {
      "flake": false,
      "locked": {
        "lastModified": 1717171281,
        "narHash": "sha256-GdEjpntIKcc4/P+oFCHhWB4tJaXPKkBELMj77SrAvQY=",
        "ref": "main",
        "rev": "6f184018e65f86ddeabb14ccf02d8bef7d8d762a",
        "shallow": true,
        "type": "git",
        "url": "ssh://git@github.com/kamil-krawczyk/.secrets.git"
      },
      "original": {
        "ref": "main",
        "shallow": true,
        "type": "git",
        "url": "ssh://git@github.com/kamil-krawczyk/.secrets.git"
      }
    },
    "sops-nix": {
      "inputs": {
        "nixpkgs": [
          "nixpkgs"
        ],
        "nixpkgs-stable": "nixpkgs-stable"
      },
      "locked": {
        "lastModified": 1718137936,
        "narHash": "sha256-psA+1Q5fPaK6yI3vzlLINNtb6EeXj111zQWnZYyJS9c=",
        "owner": "mic92",
        "repo": "sops-nix",
        "rev": "c279dec105dd53df13a5e57525da97905cc0f0d6",
        "type": "github"
      },
      "original": {
        "owner": "mic92",
        "repo": "sops-nix",
        "type": "github"
      }
    }
  },
  "root": "root",
  "version": 7
}
